// !$*UTF8*$!
{
	archiveVersion = 1;
	classes = {
	};
	objectVersion = 55;
	objects = {

/* Begin PBXBuildFile section */
		EF1C421F27FE53CA001609BC /* main.swift in Sources */ = {isa = PBXBuildFile; fileRef = EF1C421E27FE53CA001609BC /* main.swift */; };
		EF1C422727FE556E001609BC /* SwiftSyntax in Frameworks */ = {isa = PBXBuildFile; productRef = EF1C422627FE556E001609BC /* SwiftSyntax */; settings = {ATTRIBUTES = (Required, ); }; };
		EF1C422927FE556E001609BC /* SwiftSyntaxBuilder in Frameworks */ = {isa = PBXBuildFile; productRef = EF1C422827FE556E001609BC /* SwiftSyntaxBuilder */; };
		EF1C422B27FE556E001609BC /* SwiftSyntaxParser in Frameworks */ = {isa = PBXBuildFile; productRef = EF1C422A27FE556E001609BC /* SwiftSyntaxParser */; };
		EF1C422D27FE56FD001609BC /* Node.swift in Sources */ = {isa = PBXBuildFile; fileRef = EF1C422C27FE56FD001609BC /* Node.swift */; };
		EF1C422F27FE571C001609BC /* Kind.swift in Sources */ = {isa = PBXBuildFile; fileRef = EF1C422E27FE571C001609BC /* Kind.swift */; };
		EF930C5D2800C7E00010A81C /* FunctionSignatureHelper.swift in Sources */ = {isa = PBXBuildFile; fileRef = EF930C5C2800C7DF0010A81C /* FunctionSignatureHelper.swift */; };
		EF930C602800CC260010A81C /* lib_InternalSwiftSyntaxParser.dylib in Frameworks */ = {isa = PBXBuildFile; fileRef = EF930C5F2800CC260010A81C /* lib_InternalSwiftSyntaxParser.dylib */; };
		EF930C612800CC260010A81C /* lib_InternalSwiftSyntaxParser.dylib in Embed Libraries */ = {isa = PBXBuildFile; fileRef = EF930C5F2800CC260010A81C /* lib_InternalSwiftSyntaxParser.dylib */; settings = {ATTRIBUTES = (CodeSignOnCopy, ); }; };
		EF930C642800E0310010A81C /* ReturnStmtConvenienceInitializers.swift in Sources */ = {isa = PBXBuildFile; fileRef = EF930C632800E0310010A81C /* ReturnStmtConvenienceInitializers.swift */; };
/* End PBXBuildFile section */

/* Begin PBXCopyFilesBuildPhase section */
		EF1C421927FE53CA001609BC /* CopyFiles */ = {
			isa = PBXCopyFilesBuildPhase;
			buildActionMask = 2147483647;
			dstPath = /usr/share/man/man1/;
			dstSubfolderSpec = 0;
			files = (
			);
			runOnlyForDeploymentPostprocessing = 1;
		};
		EF930C622800CC260010A81C /* Embed Libraries */ = {
			isa = PBXCopyFilesBuildPhase;
			buildActionMask = 2147483647;
			dstPath = "";
			dstSubfolderSpec = 10;
			files = (
				EF930C612800CC260010A81C /* lib_InternalSwiftSyntaxParser.dylib in Embed Libraries */,
			);
			name = "Embed Libraries";
			runOnlyForDeploymentPostprocessing = 0;
		};
/* End PBXCopyFilesBuildPhase section */

/* Begin PBXFileReference section */
		EF1C421B27FE53CA001609BC /* SyntaxRewriter */ = {isa = PBXFileReference; explicitFileType = "compiled.mach-o.executable"; includeInIndex = 0; path = SyntaxRewriter; sourceTree = BUILT_PRODUCTS_DIR; };
		EF1C421E27FE53CA001609BC /* main.swift */ = {isa = PBXFileReference; lastKnownFileType = sourcecode.swift; path = main.swift; sourceTree = "<group>"; };
		EF1C422C27FE56FD001609BC /* Node.swift */ = {isa = PBXFileReference; lastKnownFileType = sourcecode.swift; path = Node.swift; sourceTree = "<group>"; };
		EF1C422E27FE571C001609BC /* Kind.swift */ = {isa = PBXFileReference; lastKnownFileType = sourcecode.swift; path = Kind.swift; sourceTree = "<group>"; };
		EF930C5C2800C7DF0010A81C /* FunctionSignatureHelper.swift */ = {isa = PBXFileReference; lastKnownFileType = sourcecode.swift; path = FunctionSignatureHelper.swift; sourceTree = "<group>"; };
		EF930C5F2800CC260010A81C /* lib_InternalSwiftSyntaxParser.dylib */ = {isa = PBXFileReference; lastKnownFileType = "compiled.mach-o.dylib"; name = lib_InternalSwiftSyntaxParser.dylib; path = Toolchains/XcodeDefault.xctoolchain/usr/lib/swift/macosx/lib_InternalSwiftSyntaxParser.dylib; sourceTree = DEVELOPER_DIR; };
		EF930C632800E0310010A81C /* ReturnStmtConvenienceInitializers.swift */ = {isa = PBXFileReference; lastKnownFileType = sourcecode.swift; path = ReturnStmtConvenienceInitializers.swift; sourceTree = "<group>"; };
/* End PBXFileReference section */

/* Begin PBXFrameworksBuildPhase section */
		EF1C421827FE53CA001609BC /* Frameworks */ = {
			isa = PBXFrameworksBuildPhase;
			buildActionMask = 2147483647;
			files = (
				EF1C422B27FE556E001609BC /* SwiftSyntaxParser in Frameworks */,
				EF930C602800CC260010A81C /* lib_InternalSwiftSyntaxParser.dylib in Frameworks */,
				EF1C422727FE556E001609BC /* SwiftSyntax in Frameworks */,
				EF1C422927FE556E001609BC /* SwiftSyntaxBuilder in Frameworks */,
			);
			runOnlyForDeploymentPostprocessing = 0;
		};
/* End PBXFrameworksBuildPhase section */

/* Begin PBXGroup section */
		EF1C421227FE53CA001609BC = {
			isa = PBXGroup;
			children = (
				EF1C421D27FE53CA001609BC /* SyntaxRewriter */,
				EF1C421C27FE53CA001609BC /* Products */,
				EF930C5E2800CC250010A81C /* Frameworks */,
			);
			sourceTree = "<group>";
		};
		EF1C421C27FE53CA001609BC /* Products */ = {
			isa = PBXGroup;
			children = (
				EF1C421B27FE53CA001609BC /* SyntaxRewriter */,
			);
			name = Products;
			sourceTree = "<group>";
		};
		EF1C421D27FE53CA001609BC /* SyntaxRewriter */ = {
			isa = PBXGroup;
			children = (
				EF1C421E27FE53CA001609BC /* main.swift */,
				EF930C632800E0310010A81C /* ReturnStmtConvenienceInitializers.swift */,
				EF930C5C2800C7DF0010A81C /* FunctionSignatureHelper.swift */,
				EF1C422C27FE56FD001609BC /* Node.swift */,
				EF1C422E27FE571C001609BC /* Kind.swift */,
			);
			path = SyntaxRewriter;
			sourceTree = "<group>";
		};
		EF930C5E2800CC250010A81C /* Frameworks */ = {
			isa = PBXGroup;
			children = (
				EF930C5F2800CC260010A81C /* lib_InternalSwiftSyntaxParser.dylib */,
			);
			name = Frameworks;
			sourceTree = "<group>";
		};
/* End PBXGroup section */

/* Begin PBXNativeTarget section */
		EF1C421A27FE53CA001609BC /* SyntaxRewriter */ = {
			isa = PBXNativeTarget;
			buildConfigurationList = EF1C422227FE53CA001609BC /* Build configuration list for PBXNativeTarget "SyntaxRewriter" */;
			buildPhases = (
				EF1C421727FE53CA001609BC /* Sources */,
				EF1C421827FE53CA001609BC /* Frameworks */,
				EF1C421927FE53CA001609BC /* CopyFiles */,
				EF930C622800CC260010A81C /* Embed Libraries */,
			);
			buildRules = (
			);
			dependencies = (
			);
			name = SyntaxRewriter;
			packageProductDependencies = (
				EF1C422627FE556E001609BC /* SwiftSyntax */,
				EF1C422827FE556E001609BC /* SwiftSyntaxBuilder */,
				EF1C422A27FE556E001609BC /* SwiftSyntaxParser */,
			);
			productName = SyntaxRewriter;
			productReference = EF1C421B27FE53CA001609BC /* SyntaxRewriter */;
			productType = "com.apple.product-type.tool";
		};
/* End PBXNativeTarget section */

/* Begin PBXProject section */
		EF1C421327FE53CA001609BC /* Project object */ = {
			isa = PBXProject;
			attributes = {
				BuildIndependentTargetsInParallel = 1;
				LastSwiftUpdateCheck = 1330;
				LastUpgradeCheck = 1330;
				TargetAttributes = {
					EF1C421A27FE53CA001609BC = {
						CreatedOnToolsVersion = 13.3;
					};
				};
			};
			buildConfigurationList = EF1C421627FE53CA001609BC /* Build configuration list for PBXProject "SyntaxRewriter" */;
			compatibilityVersion = "Xcode 13.0";
			developmentRegion = en;
			hasScannedForEncodings = 0;
			knownRegions = (
				en,
				Base,
			);
			mainGroup = EF1C421227FE53CA001609BC;
			packageReferences = (
				EF1C422527FE556E001609BC /* XCRemoteSwiftPackageReference "swift-syntax" */,
			);
			productRefGroup = EF1C421C27FE53CA001609BC /* Products */;
			projectDirPath = "";
			projectRoot = "";
			targets = (
				EF1C421A27FE53CA001609BC /* SyntaxRewriter */,
			);
		};
/* End PBXProject section */

/* Begin PBXSourcesBuildPhase section */
		EF1C421727FE53CA001609BC /* Sources */ = {
			isa = PBXSourcesBuildPhase;
			buildActionMask = 2147483647;
			files = (
				EF930C642800E0310010A81C /* ReturnStmtConvenienceInitializers.swift in Sources */,
				EF930C5D2800C7E00010A81C /* FunctionSignatureHelper.swift in Sources */,
				EF1C421F27FE53CA001609BC /* main.swift in Sources */,
				EF1C422D27FE56FD001609BC /* Node.swift in Sources */,
				EF1C422F27FE571C001609BC /* Kind.swift in Sources */,
			);
			runOnlyForDeploymentPostprocessing = 0;
		};
/* End PBXSourcesBuildPhase section */

/* Begin XCBuildConfiguration section */
		EF1C422027FE53CA001609BC /* Debug */ = {
			isa = XCBuildConfiguration;
			buildSettings = {
				ALWAYS_SEARCH_USER_PATHS = NO;
				CLANG_ANALYZER_NONNULL = YES;
				CLANG_ANALYZER_NUMBER_OBJECT_CONVERSION = YES_AGGRESSIVE;
				CLANG_CXX_LANGUAGE_STANDARD = "gnu++17";
				CLANG_ENABLE_MODULES = YES;
				CLANG_ENABLE_OBJC_ARC = YES;
				CLANG_ENABLE_OBJC_WEAK = YES;
				CLANG_WARN_BLOCK_CAPTURE_AUTORELEASING = YES;
				CLANG_WARN_BOOL_CONVERSION = YES;
				CLANG_WARN_COMMA = YES;
				CLANG_WARN_CONSTANT_CONVERSION = YES;
				CLANG_WARN_DEPRECATED_OBJC_IMPLEMENTATIONS = YES;
				CLANG_WARN_DIRECT_OBJC_ISA_USAGE = YES_ERROR;
				CLANG_WARN_DOCUMENTATION_COMMENTS = YES;
				CLANG_WARN_EMPTY_BODY = YES;
				CLANG_WARN_ENUM_CONVERSION = YES;
				CLANG_WARN_INFINITE_RECURSION = YES;
				CLANG_WARN_INT_CONVERSION = YES;
				CLANG_WARN_NON_LITERAL_NULL_CONVERSION = YES;
				CLANG_WARN_OBJC_IMPLICIT_RETAIN_SELF = YES;
				CLANG_WARN_OBJC_LITERAL_CONVERSION = YES;
				CLANG_WARN_OBJC_ROOT_CLASS = YES_ERROR;
				CLANG_WARN_QUOTED_INCLUDE_IN_FRAMEWORK_HEADER = YES;
				CLANG_WARN_RANGE_LOOP_ANALYSIS = YES;
				CLANG_WARN_STRICT_PROTOTYPES = YES;
				CLANG_WARN_SUSPICIOUS_MOVE = YES;
				CLANG_WARN_UNGUARDED_AVAILABILITY = YES_AGGRESSIVE;
				CLANG_WARN_UNREACHABLE_CODE = YES;
				CLANG_WARN__DUPLICATE_METHOD_MATCH = YES;
				COPY_PHASE_STRIP = NO;
				DEBUG_INFORMATION_FORMAT = dwarf;
				ENABLE_STRICT_OBJC_MSGSEND = YES;
				ENABLE_TESTABILITY = YES;
				GCC_C_LANGUAGE_STANDARD = gnu11;
				GCC_DYNAMIC_NO_PIC = NO;
				GCC_NO_COMMON_BLOCKS = YES;
				GCC_OPTIMIZATION_LEVEL = 0;
				GCC_PREPROCESSOR_DEFINITIONS = (
					"DEBUG=1",
					"$(inherited)",
				);
				GCC_WARN_64_TO_32_BIT_CONVERSION = YES;
				GCC_WARN_ABOUT_RETURN_TYPE = YES_ERROR;
				GCC_WARN_UNDECLARED_SELECTOR = YES;
				GCC_WARN_UNINITIALIZED_AUTOS = YES_AGGRESSIVE;
				GCC_WARN_UNUSED_FUNCTION = YES;
				GCC_WARN_UNUSED_VARIABLE = YES;
				MACOSX_DEPLOYMENT_TARGET = 12.2;
				MTL_ENABLE_DEBUG_INFO = INCLUDE_SOURCE;
				MTL_FAST_MATH = YES;
				ONLY_ACTIVE_ARCH = YES;
				SDKROOT = macosx;
				SWIFT_ACTIVE_COMPILATION_CONDITIONS = DEBUG;
				SWIFT_OPTIMIZATION_LEVEL = "-Onone";
			};
			name = Debug;
		};
		EF1C422127FE53CA001609BC /* Release */ = {
			isa = XCBuildConfiguration;
			buildSettings = {
				ALWAYS_SEARCH_USER_PATHS = NO;
				CLANG_ANALYZER_NONNULL = YES;
				CLANG_ANALYZER_NUMBER_OBJECT_CONVERSION = YES_AGGRESSIVE;
				CLANG_CXX_LANGUAGE_STANDARD = "gnu++17";
				CLANG_ENABLE_MODULES = YES;
				CLANG_ENABLE_OBJC_ARC = YES;
				CLANG_ENABLE_OBJC_WEAK = YES;
				CLANG_WARN_BLOCK_CAPTURE_AUTORELEASING = YES;
				CLANG_WARN_BOOL_CONVERSION = YES;
				CLANG_WARN_COMMA = YES;
				CLANG_WARN_CONSTANT_CONVERSION = YES;
				CLANG_WARN_DEPRECATED_OBJC_IMPLEMENTATIONS = YES;
				CLANG_WARN_DIRECT_OBJC_ISA_USAGE = YES_ERROR;
				CLANG_WARN_DOCUMENTATION_COMMENTS = YES;
				CLANG_WARN_EMPTY_BODY = YES;
				CLANG_WARN_ENUM_CONVERSION = YES;
				CLANG_WARN_INFINITE_RECURSION = YES;
				CLANG_WARN_INT_CONVERSION = YES;
				CLANG_WARN_NON_LITERAL_NULL_CONVERSION = YES;
				CLANG_WARN_OBJC_IMPLICIT_RETAIN_SELF = YES;
				CLANG_WARN_OBJC_LITERAL_CONVERSION = YES;
				CLANG_WARN_OBJC_ROOT_CLASS = YES_ERROR;
				CLANG_WARN_QUOTED_INCLUDE_IN_FRAMEWORK_HEADER = YES;
				CLANG_WARN_RANGE_LOOP_ANALYSIS = YES;
				CLANG_WARN_STRICT_PROTOTYPES = YES;
				CLANG_WARN_SUSPICIOUS_MOVE = YES;
				CLANG_WARN_UNGUARDED_AVAILABILITY = YES_AGGRESSIVE;
				CLANG_WARN_UNREACHABLE_CODE = YES;
				CLANG_WARN__DUPLICATE_METHOD_MATCH = YES;
				COPY_PHASE_STRIP = NO;
				DEBUG_INFORMATION_FORMAT = "dwarf-with-dsym";
				ENABLE_NS_ASSERTIONS = NO;
				ENABLE_STRICT_OBJC_MSGSEND = YES;
				GCC_C_LANGUAGE_STANDARD = gnu11;
				GCC_NO_COMMON_BLOCKS = YES;
				GCC_WARN_64_TO_32_BIT_CONVERSION = YES;
				GCC_WARN_ABOUT_RETURN_TYPE = YES_ERROR;
				GCC_WARN_UNDECLARED_SELECTOR = YES;
				GCC_WARN_UNINITIALIZED_AUTOS = YES_AGGRESSIVE;
				GCC_WARN_UNUSED_FUNCTION = YES;
				GCC_WARN_UNUSED_VARIABLE = YES;
				MACOSX_DEPLOYMENT_TARGET = 12.2;
				MTL_ENABLE_DEBUG_INFO = NO;
				MTL_FAST_MATH = YES;
				SDKROOT = macosx;
				SWIFT_COMPILATION_MODE = wholemodule;
				SWIFT_OPTIMIZATION_LEVEL = "-O";
			};
			name = Release;
		};
		EF1C422327FE53CA001609BC /* Debug */ = {
			isa = XCBuildConfiguration;
			buildSettings = {
				CODE_SIGN_STYLE = Automatic;
				DEVELOPMENT_TEAM = 4P4X5M92CT;
				ENABLE_HARDENED_RUNTIME = YES;
				PRODUCT_NAME = "$(TARGET_NAME)";
				SWIFT_VERSION = 5.0;
			};
			name = Debug;
		};
		EF1C422427FE53CA001609BC /* Release */ = {
			isa = XCBuildConfiguration;
			buildSettings = {
				CODE_SIGN_STYLE = Automatic;
				DEVELOPMENT_TEAM = 4P4X5M92CT;
				ENABLE_HARDENED_RUNTIME = YES;
				PRODUCT_NAME = "$(TARGET_NAME)";
				SWIFT_VERSION = 5.0;
			};
			name = Release;
		};
/* End XCBuildConfiguration section */

/* Begin XCConfigurationList section */
		EF1C421627FE53CA001609BC /* Build configuration list for PBXProject "SyntaxRewriter" */ = {
			isa = XCConfigurationList;
			buildConfigurations = (
				EF1C422027FE53CA001609BC /* Debug */,
				EF1C422127FE53CA001609BC /* Release */,
			);
			defaultConfigurationIsVisible = 0;
			defaultConfigurationName = Release;
		};
		EF1C422227FE53CA001609BC /* Build configuration list for PBXNativeTarget "SyntaxRewriter" */ = {
			isa = XCConfigurationList;
			buildConfigurations = (
				EF1C422327FE53CA001609BC /* Debug */,
				EF1C422427FE53CA001609BC /* Release */,
			);
			defaultConfigurationIsVisible = 0;
			defaultConfigurationName = Release;
		};
/* End XCConfigurationList section */

/* Begin XCRemoteSwiftPackageReference section */
		EF1C422527FE556E001609BC /* XCRemoteSwiftPackageReference "swift-syntax" */ = {
			isa = XCRemoteSwiftPackageReference;
			repositoryURL = "https://github.com/apple/swift-syntax.git";
			requirement = {
				branch = main;
				kind = branch;
			};
		};
/* End XCRemoteSwiftPackageReference section */

/* Begin XCSwiftPackageProductDependency section */
		EF1C422627FE556E001609BC /* SwiftSyntax */ = {
			isa = XCSwiftPackageProductDependency;
			package = EF1C422527FE556E001609BC /* XCRemoteSwiftPackageReference "swift-syntax" */;
			productName = SwiftSyntax;
		};
		EF1C422827FE556E001609BC /* SwiftSyntaxBuilder */ = {
			isa = XCSwiftPackageProductDependency;
			package = EF1C422527FE556E001609BC /* XCRemoteSwiftPackageReference "swift-syntax" */;
			productName = SwiftSyntaxBuilder;
		};
		EF1C422A27FE556E001609BC /* SwiftSyntaxParser */ = {
			isa = XCSwiftPackageProductDependency;
			package = EF1C422527FE556E001609BC /* XCRemoteSwiftPackageReference "swift-syntax" */;
			productName = SwiftSyntaxParser;
		};
/* End XCSwiftPackageProductDependency section */
	};
	rootObject = EF1C421327FE53CA001609BC /* Project object */;
}
